
Microsoft Visual Studio Solution File, Format Version 12.00
# Visual Studio Version 17
VisualStudioVersion = 17.9.34616.47
MinimumVisualStudioVersion = 10.0.40219.1
Project("{FAE04EC0-301F-11D3-BF4B-00C04F79EFBC}") = "SatinAlmaTalep.Api", "SatinAlmaTalep.Api\SatinAlmaTalep.Api.csproj", "{7CD867B8-7F42-4F29-AD92-D9507BBE7F54}"
EndProject
Project("{FAE04EC0-301F-11D3-BF4B-00C04F79EFBC}") = "SatinAlmaTalep.Entity", "SatinAlmaTalep.Entity\SatinAlmaTalep.Entity.csproj", "{88204925-9955-40C9-BE14-51DA0A5F65BF}"
EndProject
Project("{FAE04EC0-301F-11D3-BF4B-00C04F79EFBC}") = "SatinAlmaTalep.Data", "SatinAlmaTalep.Data\SatinAlmaTalep.Data.csproj", "{50394C50-3144-49AD-8E5F-9DD8874B7D12}"
EndProject
Project("{FAE04EC0-301F-11D3-BF4B-00C04F79EFBC}") = "SatinAlmaTalep.Service", "SatinAlmaTalep.Service\SatinAlmaTalep.Service.csproj", "{BACDA7E6-716D-4D57-8656-41A7FAE40DC0}"
EndProject
Project("{FAE04EC0-301F-11D3-BF4B-00C04F79EFBC}") = "SatinAlmaTalep.Core", "SatinAlmaTalep.Core\SatinAlmaTalep.Core.csproj", "{5EFB6A1A-57AC-4E55-9B8A-D59279941A33}"
EndProject
Global
	GlobalSection(SolutionConfigurationPlatforms) = preSolution
		Debug|Any CPU = Debug|Any CPU
		Release|Any CPU = Release|Any CPU
	EndGlobalSection
	GlobalSection(ProjectConfigurationPlatforms) = postSolution
		{7CD867B8-7F42-4F29-AD92-D9507BBE7F54}.Debug|Any CPU.ActiveCfg = Debug|Any CPU
		{7CD867B8-7F42-4F29-AD92-D9507BBE7F54}.Debug|Any CPU.Build.0 = Debug|Any CPU
		{7CD867B8-7F42-4F29-AD92-D9507BBE7F54}.Release|Any CPU.ActiveCfg = Release|Any CPU
		{7CD867B8-7F42-4F29-AD92-D9507BBE7F54}.Release|Any CPU.Build.0 = Release|Any CPU
		{88204925-9955-40C9-BE14-51DA0A5F65BF}.Debug|Any CPU.ActiveCfg = Debug|Any CPU
		{88204925-9955-40C9-BE14-51DA0A5F65BF}.Debug|Any CPU.Build.0 = Debug|Any CPU
		{88204925-9955-40C9-BE14-51DA0A5F65BF}.Release|Any CPU.ActiveCfg = Release|Any CPU
		{88204925-9955-40C9-BE14-51DA0A5F65BF}.Release|Any CPU.Build.0 = Release|Any CPU
		{50394C50-3144-49AD-8E5F-9DD8874B7D12}.Debug|Any CPU.ActiveCfg = Debug|Any CPU
		{50394C50-3144-49AD-8E5F-9DD8874B7D12}.Debug|Any CPU.Build.0 = Debug|Any CPU
		{50394C50-3144-49AD-8E5F-9DD8874B7D12}.Release|Any CPU.ActiveCfg = Release|Any CPU
		{50394C50-3144-49AD-8E5F-9DD8874B7D12}.Release|Any CPU.Build.0 = Release|Any CPU
		{BACDA7E6-716D-4D57-8656-41A7FAE40DC0}.Debug|Any CPU.ActiveCfg = Debug|Any CPU
		{BACDA7E6-716D-4D57-8656-41A7FAE40DC0}.Debug|Any CPU.Build.0 = Debug|Any CPU
		{BACDA7E6-716D-4D57-8656-41A7FAE40DC0}.Release|Any CPU.ActiveCfg = Release|Any CPU
		{BACDA7E6-716D-4D57-8656-41A7FAE40DC0}.Release|Any CPU.Build.0 = Release|Any CPU
		{5EFB6A1A-57AC-4E55-9B8A-D59279941A33}.Debug|Any CPU.ActiveCfg = Debug|Any CPU
		{5EFB6A1A-57AC-4E55-9B8A-D59279941A33}.Debug|Any CPU.Build.0 = Debug|Any CPU
		{5EFB6A1A-57AC-4E55-9B8A-D59279941A33}.Release|Any CPU.ActiveCfg = Release|Any CPU
		{5EFB6A1A-57AC-4E55-9B8A-D59279941A33}.Release|Any CPU.Build.0 = Release|Any CPU
	EndGlobalSection
	GlobalSection(SolutionProperties) = preSolution
		HideSolutionNode = FALSE
	EndGlobalSection
	GlobalSection(ExtensibilityGlobals) = postSolution
		SolutionGuid = {A77C8108-0747-4808-A68A-53C63BB24691}
	EndGlobalSection
EndGlobal
